
Microsoft Visual Studio Solution File, Format Version 12.00
# Visual Studio Version 16
VisualStudioVersion = 16.0.30523.141
MinimumVisualStudioVersion = 10.0.40219.1
Project("{9A19103F-16F7-4668-BE54-9A1E7A4F7556}") = "StudentAccounting.API", "StudentAccounting.API\StudentAccounting.API.csproj", "{00A49BFA-5FCC-4FAD-97F1-51853254225D}"
EndProject
Project("{FAE04EC0-301F-11D3-BF4B-00C04F79EFBC}") = "StudentAccounting.Core", "StudentAccounting.Core\StudentAccounting.Core.csproj", "{75E002B1-63AC-4E89-9350-BBF56C794CDF}"
EndProject
Project("{FAE04EC0-301F-11D3-BF4B-00C04F79EFBC}") = "StudentAccounting.Shared", "StudentAccounting.Shared\StudentAccounting.Shared.csproj", "{6F7AA921-2EFC-4981-A615-A4EFEA7D9C9A}"
EndProject
Project("{FAE04EC0-301F-11D3-BF4B-00C04F79EFBC}") = "StudentAccounting.Infrastructure", "StudentAccounting.Infrastructure\StudentAccounting.Infrastructure.csproj", "{CD576A74-CC89-4693-8FAD-E9F72E6E50EE}"
EndProject
Global
	GlobalSection(SolutionConfigurationPlatforms) = preSolution
		Debug|Any CPU = Debug|Any CPU
		Release|Any CPU = Release|Any CPU
	EndGlobalSection
	GlobalSection(ProjectConfigurationPlatforms) = postSolution
		{00A49BFA-5FCC-4FAD-97F1-51853254225D}.Debug|Any CPU.ActiveCfg = Debug|Any CPU
		{00A49BFA-5FCC-4FAD-97F1-51853254225D}.Debug|Any CPU.Build.0 = Debug|Any CPU
		{00A49BFA-5FCC-4FAD-97F1-51853254225D}.Release|Any CPU.ActiveCfg = Release|Any CPU
		{00A49BFA-5FCC-4FAD-97F1-51853254225D}.Release|Any CPU.Build.0 = Release|Any CPU
		{75E002B1-63AC-4E89-9350-BBF56C794CDF}.Debug|Any CPU.ActiveCfg = Debug|Any CPU
		{75E002B1-63AC-4E89-9350-BBF56C794CDF}.Debug|Any CPU.Build.0 = Debug|Any CPU
		{75E002B1-63AC-4E89-9350-BBF56C794CDF}.Release|Any CPU.ActiveCfg = Release|Any CPU
		{75E002B1-63AC-4E89-9350-BBF56C794CDF}.Release|Any CPU.Build.0 = Release|Any CPU
		{6F7AA921-2EFC-4981-A615-A4EFEA7D9C9A}.Debug|Any CPU.ActiveCfg = Debug|Any CPU
		{6F7AA921-2EFC-4981-A615-A4EFEA7D9C9A}.Debug|Any CPU.Build.0 = Debug|Any CPU
		{6F7AA921-2EFC-4981-A615-A4EFEA7D9C9A}.Release|Any CPU.ActiveCfg = Release|Any CPU
		{6F7AA921-2EFC-4981-A615-A4EFEA7D9C9A}.Release|Any CPU.Build.0 = Release|Any CPU
		{CD576A74-CC89-4693-8FAD-E9F72E6E50EE}.Debug|Any CPU.ActiveCfg = Debug|Any CPU
		{CD576A74-CC89-4693-8FAD-E9F72E6E50EE}.Debug|Any CPU.Build.0 = Debug|Any CPU
		{CD576A74-CC89-4693-8FAD-E9F72E6E50EE}.Release|Any CPU.ActiveCfg = Release|Any CPU
		{CD576A74-CC89-4693-8FAD-E9F72E6E50EE}.Release|Any CPU.Build.0 = Release|Any CPU
	EndGlobalSection
	GlobalSection(SolutionProperties) = preSolution
		HideSolutionNode = FALSE
	EndGlobalSection
	GlobalSection(ExtensibilityGlobals) = postSolution
		SolutionGuid = {A32DE612-A537-4363-BE06-89506A418DF9}
	EndGlobalSection
EndGlobal
